{
  "version": 1,
  "dependencies": {
    "net9.0": {
      "Google.Protobuf": {
        "type": "Direct",
        "requested": "[3.29.3, )",
        "resolved": "3.29.3",
        "contentHash": "t7nZFFUFwigCwZ+nIXHDLweXvwIpsOXi+P7J7smPT/QjI3EKxnCzTQOhBqyEh6XEzc/pNH+bCFOOSjatrPt6Tw=="
      }
    }
  }
}